
Microsoft Visual Studio Solution File, Format Version 12.00
# Visual Studio Version 17
VisualStudioVersion = 17.13.35919.96 d17.13
MinimumVisualStudioVersion = 10.0.40219.1
Project("{FAE04EC0-301F-11D3-BF4B-00C04F79EFBC}") = "Main", "Main\Main.csproj", "{35B63393-4385-4F69-9959-4793963CD961}"
EndProject
Global
	GlobalSection(SolutionConfigurationPlatforms) = preSolution
		Debug|Any CPU = Debug|Any CPU
		Release|Any CPU = Release|Any CPU
	EndGlobalSection
	GlobalSection(ProjectConfigurationPlatforms) = postSolution
		{35B63393-4385-4F69-9959-4793963CD961}.Debug|Any CPU.ActiveCfg = Debug|Any CPU
		{35B63393-4385-4F69-9959-4793963CD961}.Debug|Any CPU.Build.0 = Debug|Any CPU
		{35B63393-4385-4F69-9959-4793963CD961}.Release|Any CPU.ActiveCfg = Release|Any CPU
		{35B63393-4385-4F69-9959-4793963CD961}.Release|Any CPU.Build.0 = Release|Any CPU
	EndGlobalSection
	GlobalSection(SolutionProperties) = preSolution
		HideSolutionNode = FALSE
	EndGlobalSection
	GlobalSection(ExtensibilityGlobals) = postSolution
		SolutionGuid = {DECA8518-18BF-4AFB-B1D1-6397822ED69A}
	EndGlobalSection
EndGlobal
